%{
  "amqp": {:hex, :amqp, "1.4.0", "4172595d467b9360850a8eca254c5946af9970684d335d555a9f3410a0e43995", [:mix], [{:amqp_client, "~> 3.8.0", [hex: :amqp_client, repo: "hexpm", optional: false]}], "hexpm", "333ace582c4eacc65ebb8378358e0b8bd46474556f2855c417d4257bbf425dbf"},
  "amqp_client": {:hex, :amqp_client, "3.8.2", "b50ac381c3c016a697d6ab8f08367043a08358cfeb8ee97832ccc7d101e59cef", [:make, :rebar3], [{:rabbit_common, "3.8.2", [hex: :rabbit_common, repo: "hexpm", optional: false]}], "hexpm", "f453386e02a7ae77e0aa88bf4cf071aa31cce54e1b8511ca805961b0d83f164e"},
  "artificery": {:hex, :artificery, "0.4.2", "3ded6e29e13113af52811c72f414d1e88f711410cac1b619ab3a2666bbd7efd4", [:mix], [], "hexpm", "514586f4312ef3709a3ccbd8e55f69455add235c1729656687bb781d10d0afdb"},
  "bunt": {:hex, :bunt, "0.2.0", "951c6e801e8b1d2cbe58ebbd3e616a869061ddadcc4863d0a2182541acae9a38", [:mix], [], "hexpm", "7af5c7e09fe1d40f76c8e4f9dd2be7cebd83909f31fee7cd0e9eadc567da8353"},
  "certifi": {:hex, :certifi, "2.5.1", "867ce347f7c7d78563450a18a6a28a8090331e77fa02380b4a21962a65d36ee5", [:rebar3], [{:parse_trans, "~>3.3", [hex: :parse_trans, repo: "hexpm", optional: false]}], "hexpm", "805abd97539caf89ec6d4732c91e62ba9da0cda51ac462380bbd28ee697a8c42"},
  "chacha20": {:hex, :chacha20, "1.0.2", "73c5e96eba5e94917603a43c5c7c6b049436a5d71d9d3182781c345d87d28c8b", [:mix], [], "hexpm", "549b89314cbffa0893ef923d999d625c227cab5f1301133598793225f02a3963"},
  "cowboy": {:hex, :cowboy, "2.7.0", "91ed100138a764355f43316b1d23d7ff6bdb0de4ea618cb5d8677c93a7a2f115", [:rebar3], [{:cowlib, "~> 2.8.0", [hex: :cowlib, repo: "hexpm", optional: false]}, {:ranch, "~> 1.7.1", [hex: :ranch, repo: "hexpm", optional: false]}], "hexpm", "04fd8c6a39edc6aaa9c26123009200fc61f92a3a94f3178c527b70b767c6e605"},
  "cowlib": {:hex, :cowlib, "2.9.0", "8365736a2ada74d5e8640c9b03efff15aceffcf2c7cba2e5ffd0c549f54bf0da", [:rebar3], [], "hexpm", "e8a93bbdf5c4f3d63fbb0cae422de2b58227955bebad5fed978f7a83b0ca4c89"},
  "credentials_obfuscation": {:hex, :credentials_obfuscation, "1.1.0", "513793cc20c18afc9e03e584b436192a751a8344890e03a8741c65c8d6866fab", [:rebar3], [], "hexpm", "2d1bc574d129ff76309a03874c245193c6375bc766734e008888e636b250d5df"},
  "credo": {:hex, :credo, "1.1.5", "caec7a3cadd2e58609d7ee25b3931b129e739e070539ad1a0cd7efeeb47014f4", [:mix], [{:bunt, "~> 0.2.0", [hex: :bunt, repo: "hexpm", optional: false]}, {:jason, "~> 1.0", [hex: :jason, repo: "hexpm", optional: false]}], "hexpm", "d0bbd3222607ccaaac5c0340f7f525c627ae4d7aee6c8c8c108922620c5b6446"},
  "credo_naming": {:hex, :credo_naming, "0.4.1", "a55a2b6fdcdd35e9e464583b0a9d50a79455e38970ab33a9bbe7c8a42fdcfa41", [:make, :mix], [{:credo, "~> 1.0", [hex: :credo, repo: "hexpm", optional: false]}], "hexpm", "e0bc1847716895d1bd03a8c90ce8e04eee65cca52171512d3357696bda885db2"},
  "curve25519": {:hex, :curve25519, "1.0.3", "101248eeb2ed28f1b8d2d423cf560bfc99f5e22bae5a2bb113fd24efad05fae1", [:mix], [], "hexpm", "aa936079df2bcefb5cffa68840dc048f222fb7a5cb5827c735dacddba30e3b23"},
  "dialyxir": {:hex, :dialyxir, "1.0.0-rc.7", "6287f8f2cb45df8584317a4be1075b8c9b8a69de8eeb82b4d9e6c761cf2664cd", [:mix], [{:erlex, ">= 0.2.5", [hex: :erlex, repo: "hexpm", optional: false]}], "hexpm", "506294d6c543e4e5282d4852aead19ace8a35bedeb043f9256a06a6336827122"},
  "distillery": {:hex, :distillery, "2.1.1", "f9332afc2eec8a1a2b86f22429e068ef35f84a93ea1718265e740d90dd367814", [:mix], [{:artificery, "~> 0.2", [hex: :artificery, repo: "hexpm", optional: false]}], "hexpm", "bbc7008b0161a6f130d8d903b5b3232351fccc9c31a991f8fcbf2a12ace22995"},
  "ed25519": {:hex, :ed25519, "1.3.1", "35a363527d1c85c773eae8b5e2dfe133c693c270a20e281a7021937929da5c2e", [:mix], [], "hexpm", "e94d5899c68f8a4826cc796c12e4bb5fd8814bee092651a809137df17ef7d5d9"},
  "equivalex": {:hex, :equivalex, "1.0.2", "b9a9aaf79f2556288f514218653beaddb15afa2af407bfec37c5c4906e39f514", [:mix], [], "hexpm", "f7f8127c59be715ee6288f8c59fa8fc40e6428fb5c9bd2a001de2c9b1ff3f1c2"},
  "erlex": {:hex, :erlex, "0.2.5", "e51132f2f472e13d606d808f0574508eeea2030d487fc002b46ad97e738b0510", [:mix], [], "hexpm", "756d3e19b056339af674b715fdd752c5dac468cf9d0e2d1a03abf4574e99fbf8"},
  "excoveralls": {:hex, :excoveralls, "0.12.3", "2142be7cb978a3ae78385487edda6d1aff0e482ffc6123877bb7270a8ffbcfe0", [:mix], [{:hackney, "~> 1.0", [hex: :hackney, repo: "hexpm", optional: false]}, {:jason, "~> 1.0", [hex: :jason, repo: "hexpm", optional: false]}], "hexpm", "568a3e616c264283f5dea5b020783ae40eef3f7ee2163f7a67cbd7b35bcadada"},
  "goldrush": {:hex, :goldrush, "0.1.9", "f06e5d5f1277da5c413e84d5a2924174182fb108dabb39d5ec548b27424cd106", [:rebar3], [], "hexpm", "99cb4128cffcb3227581e5d4d803d5413fa643f4eb96523f77d9e6937d994ceb"},
  "gun": {:hex, :gun, "1.3.2", "542064cbb9f613650b8a8100b3a927505f364fbe198b7a5a112868ff43f3e477", [:rebar3], [{:cowlib, "~> 2.6.0", [hex: :cowlib, repo: "hexpm", optional: false]}], "hexpm", "ba323f0a5fd8abac379a3e1fe6d8ce570c4a12c7fd1c68f4994b53447918e462"},
  "hackney": {:hex, :hackney, "1.15.2", "07e33c794f8f8964ee86cebec1a8ed88db5070e52e904b8f12209773c1036085", [:rebar3], [{:certifi, "2.5.1", [hex: :certifi, repo: "hexpm", optional: false]}, {:idna, "6.0.0", [hex: :idna, repo: "hexpm", optional: false]}, {:metrics, "1.0.1", [hex: :metrics, repo: "hexpm", optional: false]}, {:mimerl, "~>1.1", [hex: :mimerl, repo: "hexpm", optional: false]}, {:ssl_verify_fun, "1.1.5", [hex: :ssl_verify_fun, repo: "hexpm", optional: false]}], "hexpm", "e0100f8ef7d1124222c11ad362c857d3df7cb5f4204054f9f0f4a728666591fc"},
  "httpoison": {:hex, :httpoison, "1.6.2", "ace7c8d3a361cebccbed19c283c349b3d26991eff73a1eaaa8abae2e3c8089b6", [:mix], [{:hackney, "~> 1.15 and >= 1.15.2", [hex: :hackney, repo: "hexpm", optional: false]}], "hexpm", "aa2c74bd271af34239a3948779612f87df2422c2fdcfdbcec28d9c105f0773fe"},
  "idna": {:hex, :idna, "6.0.0", "689c46cbcdf3524c44d5f3dde8001f364cd7608a99556d8fbd8239a5798d4c10", [:rebar3], [{:unicode_util_compat, "0.4.1", [hex: :unicode_util_compat, repo: "hexpm", optional: false]}], "hexpm", "4bdd305eb64e18b0273864920695cb18d7a2021f31a11b9c5fbcd9a253f936e2"},
  "jason": {:hex, :jason, "1.2.1", "12b22825e22f468c02eb3e4b9985f3d0cb8dc40b9bd704730efa11abd2708c44", [:mix], [{:decimal, "~> 1.0", [hex: :decimal, repo: "hexpm", optional: true]}], "hexpm", "b659b8571deedf60f79c5a608e15414085fa141344e2716fbd6988a084b5f993"},
  "jsx": {:hex, :jsx, "2.9.0", "d2f6e5f069c00266cad52fb15d87c428579ea4d7d73a33669e12679e203329dd", [:mix, :rebar3], [], "hexpm", "8ee1db1cabafdd578a2776a6aaae87c2a8ce54b47b59e9ec7dab5d7eb71cd8dc"},
  "kcl": {:hex, :kcl, "1.2.0", "c4f8a163392d2a22dda287cefad271ccd775f61cb2fc06ef20389ec5643d4217", [:mix], [{:curve25519, ">= 1.0.2", [hex: :curve25519, repo: "hexpm", optional: false]}, {:ed25519, "~> 1.3", [hex: :ed25519, repo: "hexpm", optional: false]}, {:poly1305, "~> 1.0", [hex: :poly1305, repo: "hexpm", optional: false]}, {:salsa20, "~> 1.0", [hex: :salsa20, repo: "hexpm", optional: false]}], "hexpm", "8568fa17b8543c839cb4eccdfa06291785c896d9972d2bb6159336a533a01108"},
  "lager": {:hex, :lager, "3.8.0", "3402b9a7e473680ca179fc2f1d827cab88dd37dd1e6113090c6f45ef05228a1c", [:rebar3], [{:goldrush, "0.1.9", [hex: :goldrush, repo: "hexpm", optional: false]}], "hexpm", "f6cb541b688eab60730d8d286eb77256a5a9ad06eac10d43beaf55d07e68bbb6"},
  "logger_file_backend": {:hex, :logger_file_backend, "0.0.11", "3bbc5f31d3669e8d09d7a9443e86056fae7fc18e45c6f748c33b8c79a7e147a1", [:mix], [], "hexpm", "62be826f04644c62b0a2bc98a13e2e7ae52c0a4eda020f4c59d7287356d5e445"},
  "metrics": {:hex, :metrics, "1.0.1", "25f094dea2cda98213cecc3aeff09e940299d950904393b2a29d191c346a8486", [:rebar3], [], "hexpm", "69b09adddc4f74a40716ae54d140f93beb0fb8978d8636eaded0c31b6f099f16"},
  "mime": {:hex, :mime, "1.3.1", "30ce04ab3175b6ad0bdce0035cba77bba68b813d523d1aac73d9781b4d193cf8", [:mix], [], "hexpm", "6cbe761d6a0ca5a31a0931bf4c63204bceb64538e664a8ecf784a9a6f3b875f1"},
  "mimerl": {:hex, :mimerl, "1.2.0", "67e2d3f571088d5cfd3e550c383094b47159f3eee8ffa08e64106cdf5e981be3", [:rebar3], [], "hexpm", "f278585650aa581986264638ebf698f8bb19df297f66ad91b18910dfc6e19323"},
  "mox": {:hex, :mox, "0.5.2", "55a0a5ba9ccc671518d068c8dddd20eeb436909ea79d1799e2209df7eaa98b6c", [:mix], [], "hexpm", "df4310628cd628ee181df93f50ddfd07be3e5ecc30232d3b6aadf30bdfe6092b"},
  "parse_trans": {:hex, :parse_trans, "3.3.0", "09765507a3c7590a784615cfd421d101aec25098d50b89d7aa1d66646bc571c1", [:rebar3], [], "hexpm", "17ef63abde837ad30680ea7f857dd9e7ced9476cdd7b0394432af4bfc241b960"},
  "plug": {:hex, :plug, "1.10.0", "6508295cbeb4c654860845fb95260737e4a8838d34d115ad76cd487584e2fc4d", [:mix], [{:mime, "~> 1.0", [hex: :mime, repo: "hexpm", optional: false]}, {:plug_crypto, "~> 1.1.1 or ~> 1.2", [hex: :plug_crypto, repo: "hexpm", optional: false]}, {:telemetry, "~> 0.4", [hex: :telemetry, repo: "hexpm", optional: true]}], "hexpm", "422a9727e667be1bf5ab1de03be6fa0ad67b775b2d84ed908f3264415ef29d4a"},
  "plug_cowboy": {:hex, :plug_cowboy, "2.1.2", "8b0addb5908c5238fac38e442e81b6fcd32788eaa03246b4d55d147c47c5805e", [:mix], [{:cowboy, "~> 2.5", [hex: :cowboy, repo: "hexpm", optional: false]}, {:plug, "~> 1.7", [hex: :plug, repo: "hexpm", optional: false]}], "hexpm", "7d722581ce865a237e14da6d946f92704101740a256bd13ec91e63c0b122fc70"},
  "plug_crypto": {:hex, :plug_crypto, "1.1.2", "bdd187572cc26dbd95b87136290425f2b580a116d3fb1f564216918c9730d227", [:mix], [], "hexpm", "6b8b608f895b6ffcfad49c37c7883e8df98ae19c6a28113b02aa1e9c5b22d6b5"},
  "poison": {:hex, :poison, "4.0.1", "bcb755a16fac91cad79bfe9fc3585bb07b9331e50cfe3420a24bcc2d735709ae", [:mix], [], "hexpm", "ba8836feea4b394bb718a161fc59a288fe0109b5006d6bdf97b6badfcf6f0f25"},
  "poly1305": {:hex, :poly1305, "1.0.2", "c6bb74cbe79747cc12aa1580791c2bd8e0f062bc8faaf117b756e675cfaea03d", [:mix], [{:chacha20, "~> 1.0", [hex: :chacha20, repo: "hexpm", optional: false]}, {:equivalex, "~> 1.0", [hex: :equivalex, repo: "hexpm", optional: false]}], "hexpm", "d0a0f8be324e7bfdd61e8e52215024a025816f3a7f665c274ad5bea154480c2b"},
  "porcelain": {:hex, :porcelain, "2.0.3", "2d77b17d1f21fed875b8c5ecba72a01533db2013bd2e5e62c6d286c029150fdc", [:mix], [], "hexpm", "dc996ab8fadbc09912c787c7ab8673065e50ea1a6245177b0c24569013d23620"},
  "rabbit_common": {:hex, :rabbit_common, "3.8.2", "6f5653e7ba8bbf76447b126d1ac224e1be5ed853808542bd67cbcff87fbd2493", [:make, :rebar3], [{:credentials_obfuscation, "1.1.0", [hex: :credentials_obfuscation, repo: "hexpm", optional: false]}, {:jsx, "2.9.0", [hex: :jsx, repo: "hexpm", optional: false]}, {:lager, "3.8.0", [hex: :lager, repo: "hexpm", optional: false]}, {:ranch, "1.7.1", [hex: :ranch, repo: "hexpm", optional: false]}, {:recon, "2.5.0", [hex: :recon, repo: "hexpm", optional: false]}], "hexpm", "c36e9613093910ed3a86f43a21fddcd48c3015a81ba74586824bdc4b2ae5519b"},
  "ranch": {:hex, :ranch, "1.7.1", "6b1fab51b49196860b733a49c07604465a47bdb78aa10c1c16a3d199f7f8c881", [:rebar3], [], "hexpm", "451d8527787df716d99dc36162fca05934915db0b6141bbdac2ea8d3c7afc7d7"},
  "recon": {:hex, :recon, "2.5.0", "2f7fcbec2c35034bade2f9717f77059dc54eb4e929a3049ca7ba6775c0bd66cd", [:mix, :rebar3], [], "hexpm", "72f3840fedd94f06315c523f6cecf5b4827233bed7ae3fe135b2a0ebeab5e196"},
  "salsa20": {:hex, :salsa20, "1.0.2", "558fddb4169b1f90b1748d42e9221ba8d1354c414a03361308cc7bc0fd2f45c7", [:mix], [], "hexpm", "8d0d394c67da8d44073cbf2c030c4e0e04e7bed92967761be60419d8d46df18d"},
  "ssl_verify_fun": {:hex, :ssl_verify_fun, "1.1.5", "6eaf7ad16cb568bb01753dbbd7a95ff8b91c7979482b95f38443fe2c8852a79b", [:make, :mix, :rebar3], [], "hexpm", "13104d7897e38ed7f044c4de953a6c28597d1c952075eb2e328bc6d6f2bfc496"},
  "unicode_util_compat": {:hex, :unicode_util_compat, "0.4.1", "d869e4c68901dd9531385bb0c8c40444ebf624e60b6962d95952775cac5e90cd", [:rebar3], [], "hexpm", "1d1848c40487cdb0b30e8ed975e34e025860c02e419cb615d255849f3427439d"},
}
